github.com/Prithvipal/modulea v0.0.0-20200705160941-265ad512ac5d h1:4EhjgwFogf7Osz5LizVK6PCIXBO2zDf8MXx9ja6LsfE=
github.com/Prithvipal/modulea v0.0.0-20200705160941-265ad512ac5d/go.mod h1:7Cn8v8RcXItYWNx8nNv16qpkdAknRJDp2E92GiNKx/s=
github.com/Prithvipal/modulea v0.0.0-20200705172552-fbdf9070c739 h1:XJR+nHJv3GXDHCQhBnSCfiAmZypg31NRZzTrKbrezeQ=
github.com/Prithvipal/modulea v0.0.0-20200705172552-fbdf9070c739/go.mod h1:7Cn8v8RcXItYWNx8nNv16qpkdAknRJDp2E92GiNKx/s=
